// !$*UTF8*$!
{
	archiveVersion = 1;
	classes = {
	};
	objectVersion = 46;
	objects = {

/* Begin PBXBuildFile section */
		9E75B571ED6BFA043DA30F9B /* Pods_EMDb.framework in Frameworks */ = {isa = PBXBuildFile; fileRef = B9930D01F2A53FED838538D1 /* Pods_EMDb.framework */; };
		C175D6811E2420B70037A357 /* CoreDataStack.swift in Sources */ = {isa = PBXBuildFile; fileRef = C175D6801E2420B70037A357 /* CoreDataStack.swift */; };
		C175D6841E24290E0037A357 /* EMdB.xcdatamodeld in Sources */ = {isa = PBXBuildFile; fileRef = C175D6821E24290E0037A357 /* EMdB.xcdatamodeld */; };
		C1AA8EB21E241D530000A9DB /* AppDelegate.swift in Sources */ = {isa = PBXBuildFile; fileRef = C1AA8EB11E241D530000A9DB /* AppDelegate.swift */; };
		C1AA8EB71E241D530000A9DB /* Main.storyboard in Resources */ = {isa = PBXBuildFile; fileRef = C1AA8EB51E241D530000A9DB /* Main.storyboard */; };
		C1AA8EB91E241D530000A9DB /* Assets.xcassets in Resources */ = {isa = PBXBuildFile; fileRef = C1AA8EB81E241D530000A9DB /* Assets.xcassets */; };
		C1AA8EBC1E241D530000A9DB /* LaunchScreen.storyboard in Resources */ = {isa = PBXBuildFile; fileRef = C1AA8EBA1E241D530000A9DB /* LaunchScreen.storyboard */; };
		C1B409AA1E242FC800AFD7B0 /* RemoteiTunesMovieService.swift in Sources */ = {isa = PBXBuildFile; fileRef = C1B409A91E242FC800AFD7B0 /* RemoteiTunesMovieService.swift */; };
		C1B409AC1E242FE600AFD7B0 /* MovieManaged+Mapping.swift in Sources */ = {isa = PBXBuildFile; fileRef = C1B409AB1E242FE600AFD7B0 /* MovieManaged+Mapping.swift */; };
		C1B409AE1E242FFB00AFD7B0 /* Movie.swift in Sources */ = {isa = PBXBuildFile; fileRef = C1B409AD1E242FFB00AFD7B0 /* Movie.swift */; };
		C1B409B01E280E8000AFD7B0 /* LocalCoreDataService.swift in Sources */ = {isa = PBXBuildFile; fileRef = C1B409AF1E280E8000AFD7B0 /* LocalCoreDataService.swift */; };
		C1B409B61E28199F00AFD7B0 /* ListViewController.swift in Sources */ = {isa = PBXBuildFile; fileRef = C1B409B51E28199F00AFD7B0 /* ListViewController.swift */; };
		C1B409B81E2819AB00AFD7B0 /* FavoritesViewController.swift in Sources */ = {isa = PBXBuildFile; fileRef = C1B409B71E2819AB00AFD7B0 /* FavoritesViewController.swift */; };
		C1B409BA1E2819B900AFD7B0 /* MovieViewController.swift in Sources */ = {isa = PBXBuildFile; fileRef = C1B409B91E2819B900AFD7B0 /* MovieViewController.swift */; };
		C1B409BC1E281D6400AFD7B0 /* MovieCell.swift in Sources */ = {isa = PBXBuildFile; fileRef = C1B409BB1E281D6400AFD7B0 /* MovieCell.swift */; };
/* End PBXBuildFile section */

/* Begin PBXFileReference section */
		62D5787379A2BDA208988FEF /* Pods-EMDb.release.xcconfig */ = {isa = PBXFileReference; includeInIndex = 1; lastKnownFileType = text.xcconfig; name = "Pods-EMDb.release.xcconfig"; path = "Pods/Target Support Files/Pods-EMDb/Pods-EMDb.release.xcconfig"; sourceTree = "<group>"; };
		7C16E3240A0D021851C11BE3 /* Pods-EMDb.debug.xcconfig */ = {isa = PBXFileReference; includeInIndex = 1; lastKnownFileType = text.xcconfig; name = "Pods-EMDb.debug.xcconfig"; path = "Pods/Target Support Files/Pods-EMDb/Pods-EMDb.debug.xcconfig"; sourceTree = "<group>"; };
		B9930D01F2A53FED838538D1 /* Pods_EMDb.framework */ = {isa = PBXFileReference; explicitFileType = wrapper.framework; includeInIndex = 0; path = Pods_EMDb.framework; sourceTree = BUILT_PRODUCTS_DIR; };
		C175D6801E2420B70037A357 /* CoreDataStack.swift */ = {isa = PBXFileReference; fileEncoding = 4; lastKnownFileType = sourcecode.swift; path = CoreDataStack.swift; sourceTree = "<group>"; };
		C175D6831E24290E0037A357 /* EMdB.xcdatamodel */ = {isa = PBXFileReference; lastKnownFileType = wrapper.xcdatamodel; path = EMdB.xcdatamodel; sourceTree = "<group>"; };
		C1AA8EAE1E241D530000A9DB /* EMDb.app */ = {isa = PBXFileReference; explicitFileType = wrapper.application; includeInIndex = 0; path = EMDb.app; sourceTree = BUILT_PRODUCTS_DIR; };
		C1AA8EB11E241D530000A9DB /* AppDelegate.swift */ = {isa = PBXFileReference; lastKnownFileType = sourcecode.swift; path = AppDelegate.swift; sourceTree = "<group>"; };
		C1AA8EB61E241D530000A9DB /* Base */ = {isa = PBXFileReference; lastKnownFileType = file.storyboard; name = Base; path = Base.lproj/Main.storyboard; sourceTree = "<group>"; };
		C1AA8EB81E241D530000A9DB /* Assets.xcassets */ = {isa = PBXFileReference; lastKnownFileType = folder.assetcatalog; path = Assets.xcassets; sourceTree = "<group>"; };
		C1AA8EBB1E241D530000A9DB /* Base */ = {isa = PBXFileReference; lastKnownFileType = file.storyboard; name = Base; path = Base.lproj/LaunchScreen.storyboard; sourceTree = "<group>"; };
		C1AA8EBD1E241D530000A9DB /* Info.plist */ = {isa = PBXFileReference; lastKnownFileType = text.plist.xml; path = Info.plist; sourceTree = "<group>"; };
		C1B409A91E242FC800AFD7B0 /* RemoteiTunesMovieService.swift */ = {isa = PBXFileReference; fileEncoding = 4; lastKnownFileType = sourcecode.swift; path = RemoteiTunesMovieService.swift; sourceTree = "<group>"; };
		C1B409AB1E242FE600AFD7B0 /* MovieManaged+Mapping.swift */ = {isa = PBXFileReference; fileEncoding = 4; lastKnownFileType = sourcecode.swift; path = "MovieManaged+Mapping.swift"; sourceTree = "<group>"; };
		C1B409AD1E242FFB00AFD7B0 /* Movie.swift */ = {isa = PBXFileReference; fileEncoding = 4; lastKnownFileType = sourcecode.swift; path = Movie.swift; sourceTree = "<group>"; };
		C1B409AF1E280E8000AFD7B0 /* LocalCoreDataService.swift */ = {isa = PBXFileReference; fileEncoding = 4; lastKnownFileType = sourcecode.swift; path = LocalCoreDataService.swift; sourceTree = "<group>"; };
		C1B409B51E28199F00AFD7B0 /* ListViewController.swift */ = {isa = PBXFileReference; fileEncoding = 4; lastKnownFileType = sourcecode.swift; path = ListViewController.swift; sourceTree = "<group>"; };
		C1B409B71E2819AB00AFD7B0 /* FavoritesViewController.swift */ = {isa = PBXFileReference; fileEncoding = 4; lastKnownFileType = sourcecode.swift; path = FavoritesViewController.swift; sourceTree = "<group>"; };
		C1B409B91E2819B900AFD7B0 /* MovieViewController.swift */ = {isa = PBXFileReference; fileEncoding = 4; lastKnownFileType = sourcecode.swift; path = MovieViewController.swift; sourceTree = "<group>"; };
		C1B409BB1E281D6400AFD7B0 /* MovieCell.swift */ = {isa = PBXFileReference; fileEncoding = 4; lastKnownFileType = sourcecode.swift; path = MovieCell.swift; sourceTree = "<group>"; };
/* End PBXFileReference section */

/* Begin PBXFrameworksBuildPhase section */
		C1AA8EAB1E241D530000A9DB /* Frameworks */ = {
			isa = PBXFrameworksBuildPhase;
			buildActionMask = 2147483647;
			files = (
				9E75B571ED6BFA043DA30F9B /* Pods_EMDb.framework in Frameworks */,
			);
			runOnlyForDeploymentPostprocessing = 0;
		};
/* End PBXFrameworksBuildPhase section */

/* Begin PBXGroup section */
		92C7EA4EE0208A71D77A971E /* Pods */ = {
			isa = PBXGroup;
			children = (
				7C16E3240A0D021851C11BE3 /* Pods-EMDb.debug.xcconfig */,
				62D5787379A2BDA208988FEF /* Pods-EMDb.release.xcconfig */,
			);
			name = Pods;
			sourceTree = "<group>";
		};
		B66AC0755493DDAD22DE9472 /* Frameworks */ = {
			isa = PBXGroup;
			children = (
				B9930D01F2A53FED838538D1 /* Pods_EMDb.framework */,
			);
			name = Frameworks;
			sourceTree = "<group>";
		};
		C1AA8EA51E241D530000A9DB = {
			isa = PBXGroup;
			children = (
				C1AA8EB01E241D530000A9DB /* EMDb */,
				C1AA8EAF1E241D530000A9DB /* Products */,
				92C7EA4EE0208A71D77A971E /* Pods */,
				B66AC0755493DDAD22DE9472 /* Frameworks */,
			);
			sourceTree = "<group>";
		};
		C1AA8EAF1E241D530000A9DB /* Products */ = {
			isa = PBXGroup;
			children = (
				C1AA8EAE1E241D530000A9DB /* EMDb.app */,
			);
			name = Products;
			sourceTree = "<group>";
		};
		C1AA8EB01E241D530000A9DB /* EMDb */ = {
			isa = PBXGroup;
			children = (
				C1B409B41E28193400AFD7B0 /* Model */,
				C1B409B31E28192700AFD7B0 /* View */,
				C1B409B21E28192200AFD7B0 /* Controller */,
				C1B409B11E28191800AFD7B0 /* Service */,
				C1AA8EBD1E241D530000A9DB /* Info.plist */,
			);
			path = EMDb;
			sourceTree = "<group>";
		};
		C1B409B11E28191800AFD7B0 /* Service */ = {
			isa = PBXGroup;
			children = (
				C175D6801E2420B70037A357 /* CoreDataStack.swift */,
				C1B409A91E242FC800AFD7B0 /* RemoteiTunesMovieService.swift */,
				C1B409AF1E280E8000AFD7B0 /* LocalCoreDataService.swift */,
			);
			name = Service;
			sourceTree = "<group>";
		};
		C1B409B21E28192200AFD7B0 /* Controller */ = {
			isa = PBXGroup;
			children = (
				C1AA8EB11E241D530000A9DB /* AppDelegate.swift */,
				C1B409B51E28199F00AFD7B0 /* ListViewController.swift */,
				C1B409B71E2819AB00AFD7B0 /* FavoritesViewController.swift */,
				C1B409B91E2819B900AFD7B0 /* MovieViewController.swift */,
			);
			name = Controller;
			sourceTree = "<group>";
		};
		C1B409B31E28192700AFD7B0 /* View */ = {
			isa = PBXGroup;
			children = (
				C1AA8EB51E241D530000A9DB /* Main.storyboard */,
				C1AA8EB81E241D530000A9DB /* Assets.xcassets */,
				C1AA8EBA1E241D530000A9DB /* LaunchScreen.storyboard */,
			);
			name = View;
			sourceTree = "<group>";
		};
		C1B409B41E28193400AFD7B0 /* Model */ = {
			isa = PBXGroup;
			children = (
				C175D6821E24290E0037A357 /* EMdB.xcdatamodeld */,
				C1B409AB1E242FE600AFD7B0 /* MovieManaged+Mapping.swift */,
				C1B409AD1E242FFB00AFD7B0 /* Movie.swift */,
				C1B409BB1E281D6400AFD7B0 /* MovieCell.swift */,
			);
			name = Model;
			sourceTree = "<group>";
		};
/* End PBXGroup section */

/* Begin PBXNativeTarget section */
		C1AA8EAD1E241D530000A9DB /* EMDb */ = {
			isa = PBXNativeTarget;
			buildConfigurationList = C1AA8EC01E241D530000A9DB /* Build configuration list for PBXNativeTarget "EMDb" */;
			buildPhases = (
				D520F143106A91425F03D0E4 /* [CP] Check Pods Manifest.lock */,
				C1AA8EAA1E241D530000A9DB /* Sources */,
				C1AA8EAB1E241D530000A9DB /* Frameworks */,
				C1AA8EAC1E241D530000A9DB /* Resources */,
				85622CA53A14ADFEE45F4E22 /* [CP] Embed Pods Frameworks */,
				71F9E0273F291D75D9DD07C9 /* [CP] Copy Pods Resources */,
			);
			buildRules = (
			);
			dependencies = (
			);
			name = EMDb;
			productName = EMDb;
			productReference = C1AA8EAE1E241D530000A9DB /* EMDb.app */;
			productType = "com.apple.product-type.application";
		};
/* End PBXNativeTarget section */

/* Begin PBXProject section */
		C1AA8EA61E241D530000A9DB /* Project object */ = {
			isa = PBXProject;
			attributes = {
				LastSwiftUpdateCheck = 0820;
				LastUpgradeCheck = 0820;
				ORGANIZATIONNAME = "Benjamín Garrido Barreiro";
				TargetAttributes = {
					C1AA8EAD1E241D530000A9DB = {
						CreatedOnToolsVersion = 8.2.1;
						DevelopmentTeam = 9T98R8E6Y6;
						ProvisioningStyle = Automatic;
					};
				};
			};
			buildConfigurationList = C1AA8EA91E241D530000A9DB /* Build configuration list for PBXProject "EMDb" */;
			compatibilityVersion = "Xcode 3.2";
			developmentRegion = English;
			hasScannedForEncodings = 0;
			knownRegions = (
				en,
				Base,
			);
			mainGroup = C1AA8EA51E241D530000A9DB;
			productRefGroup = C1AA8EAF1E241D530000A9DB /* Products */;
			projectDirPath = "";
			projectRoot = "";
			targets = (
				C1AA8EAD1E241D530000A9DB /* EMDb */,
			);
		};
/* End PBXProject section */

/* Begin PBXResourcesBuildPhase section */
		C1AA8EAC1E241D530000A9DB /* Resources */ = {
			isa = PBXResourcesBuildPhase;
			buildActionMask = 2147483647;
			files = (
				C1AA8EBC1E241D530000A9DB /* LaunchScreen.storyboard in Resources */,
				C1AA8EB91E241D530000A9DB /* Assets.xcassets in Resources */,
				C1AA8EB71E241D530000A9DB /* Main.storyboard in Resources */,
			);
			runOnlyForDeploymentPostprocessing = 0;
		};
/* End PBXResourcesBuildPhase section */

/* Begin PBXShellScriptBuildPhase section */
		71F9E0273F291D75D9DD07C9 /* [CP] Copy Pods Resources */ = {
			isa = PBXShellScriptBuildPhase;
			buildActionMask = 2147483647;
			files = (
			);
			inputPaths = (
			);
			name = "[CP] Copy Pods Resources";
			outputPaths = (
			);
			runOnlyForDeploymentPostprocessing = 0;
			shellPath = /bin/sh;
			shellScript = "\"${SRCROOT}/Pods/Target Support Files/Pods-EMDb/Pods-EMDb-resources.sh\"\n";
			showEnvVarsInLog = 0;
		};
		85622CA53A14ADFEE45F4E22 /* [CP] Embed Pods Frameworks */ = {
			isa = PBXShellScriptBuildPhase;
			buildActionMask = 2147483647;
			files = (
			);
			inputPaths = (
			);
			name = "[CP] Embed Pods Frameworks";
			outputPaths = (
			);
			runOnlyForDeploymentPostprocessing = 0;
			shellPath = /bin/sh;
			shellScript = "\"${SRCROOT}/Pods/Target Support Files/Pods-EMDb/Pods-EMDb-frameworks.sh\"\n";
			showEnvVarsInLog = 0;
		};
		D520F143106A91425F03D0E4 /* [CP] Check Pods Manifest.lock */ = {
			isa = PBXShellScriptBuildPhase;
			buildActionMask = 2147483647;
			files = (
			);
			inputPaths = (
			);
			name = "[CP] Check Pods Manifest.lock";
			outputPaths = (
			);
			runOnlyForDeploymentPostprocessing = 0;
			shellPath = /bin/sh;
			shellScript = "diff \"${PODS_ROOT}/../Podfile.lock\" \"${PODS_ROOT}/Manifest.lock\" > /dev/null\nif [ $? != 0 ] ; then\n    # print error to STDERR\n    echo \"error: The sandbox is not in sync with the Podfile.lock. Run 'pod install' or update your CocoaPods installation.\" >&2\n    exit 1\nfi\n";
			showEnvVarsInLog = 0;
		};
/* End PBXShellScriptBuildPhase section */

/* Begin PBXSourcesBuildPhase section */
		C1AA8EAA1E241D530000A9DB /* Sources */ = {
			isa = PBXSourcesBuildPhase;
			buildActionMask = 2147483647;
			files = (
				C1B409AE1E242FFB00AFD7B0 /* Movie.swift in Sources */,
				C1B409BA1E2819B900AFD7B0 /* MovieViewController.swift in Sources */,
				C1B409B81E2819AB00AFD7B0 /* FavoritesViewController.swift in Sources */,
				C1B409BC1E281D6400AFD7B0 /* MovieCell.swift in Sources */,
				C175D6811E2420B70037A357 /* CoreDataStack.swift in Sources */,
				C1B409AA1E242FC800AFD7B0 /* RemoteiTunesMovieService.swift in Sources */,
				C175D6841E24290E0037A357 /* EMdB.xcdatamodeld in Sources */,
				C1B409B01E280E8000AFD7B0 /* LocalCoreDataService.swift in Sources */,
				C1B409AC1E242FE600AFD7B0 /* MovieManaged+Mapping.swift in Sources */,
				C1B409B61E28199F00AFD7B0 /* ListViewController.swift in Sources */,
				C1AA8EB21E241D530000A9DB /* AppDelegate.swift in Sources */,
			);
			runOnlyForDeploymentPostprocessing = 0;
		};
/* End PBXSourcesBuildPhase section */

/* Begin PBXVariantGroup section */
		C1AA8EB51E241D530000A9DB /* Main.storyboard */ = {
			isa = PBXVariantGroup;
			children = (
				C1AA8EB61E241D530000A9DB /* Base */,
			);
			name = Main.storyboard;
			sourceTree = "<group>";
		};
		C1AA8EBA1E241D530000A9DB /* LaunchScreen.storyboard */ = {
			isa = PBXVariantGroup;
			children = (
				C1AA8EBB1E241D530000A9DB /* Base */,
			);
			name = LaunchScreen.storyboard;
			sourceTree = "<group>";
		};
/* End PBXVariantGroup section */

/* Begin XCBuildConfiguration section */
		C1AA8EBE1E241D530000A9DB /* Debug */ = {
			isa = XCBuildConfiguration;
			buildSettings = {
				ALWAYS_SEARCH_USER_PATHS = NO;
				CLANG_ANALYZER_NONNULL = YES;
				CLANG_CXX_LANGUAGE_STANDARD = "gnu++0x";
				CLANG_CXX_LIBRARY = "libc++";
				CLANG_ENABLE_MODULES = YES;
				CLANG_ENABLE_OBJC_ARC = YES;
				CLANG_WARN_BOOL_CONVERSION = YES;
				CLANG_WARN_CONSTANT_CONVERSION = YES;
				CLANG_WARN_DIRECT_OBJC_ISA_USAGE = YES_ERROR;
				CLANG_WARN_DOCUMENTATION_COMMENTS = YES;
				CLANG_WARN_EMPTY_BODY = YES;
				CLANG_WARN_ENUM_CONVERSION = YES;
				CLANG_WARN_INFINITE_RECURSION = YES;
				CLANG_WARN_INT_CONVERSION = YES;
				CLANG_WARN_OBJC_ROOT_CLASS = YES_ERROR;
				CLANG_WARN_SUSPICIOUS_MOVE = YES;
				CLANG_WARN_UNREACHABLE_CODE = YES;
				CLANG_WARN__DUPLICATE_METHOD_MATCH = YES;
				"CODE_SIGN_IDENTITY[sdk=iphoneos*]" = "iPhone Developer";
				COPY_PHASE_STRIP = NO;
				DEBUG_INFORMATION_FORMAT = dwarf;
				ENABLE_STRICT_OBJC_MSGSEND = YES;
				ENABLE_TESTABILITY = YES;
				GCC_C_LANGUAGE_STANDARD = gnu99;
				GCC_DYNAMIC_NO_PIC = NO;
				GCC_NO_COMMON_BLOCKS = YES;
				GCC_OPTIMIZATION_LEVEL = 0;
				GCC_PREPROCESSOR_DEFINITIONS = (
					"DEBUG=1",
					"$(inherited)",
				);
				GCC_WARN_64_TO_32_BIT_CONVERSION = YES;
				GCC_WARN_ABOUT_RETURN_TYPE = YES_ERROR;
				GCC_WARN_UNDECLARED_SELECTOR = YES;
				GCC_WARN_UNINITIALIZED_AUTOS = YES_AGGRESSIVE;
				GCC_WARN_UNUSED_FUNCTION = YES;
				GCC_WARN_UNUSED_VARIABLE = YES;
				IPHONEOS_DEPLOYMENT_TARGET = 10.2;
				MTL_ENABLE_DEBUG_INFO = YES;
				ONLY_ACTIVE_ARCH = YES;
				SDKROOT = iphoneos;
				SWIFT_ACTIVE_COMPILATION_CONDITIONS = DEBUG;
				SWIFT_OPTIMIZATION_LEVEL = "-Onone";
			};
			name = Debug;
		};
		C1AA8EBF1E241D530000A9DB /* Release */ = {
			isa = XCBuildConfiguration;
			buildSettings = {
				ALWAYS_SEARCH_USER_PATHS = NO;
				CLANG_ANALYZER_NONNULL = YES;
				CLANG_CXX_LANGUAGE_STANDARD = "gnu++0x";
				CLANG_CXX_LIBRARY = "libc++";
				CLANG_ENABLE_MODULES = YES;
				CLANG_ENABLE_OBJC_ARC = YES;
				CLANG_WARN_BOOL_CONVERSION = YES;
				CLANG_WARN_CONSTANT_CONVERSION = YES;
				CLANG_WARN_DIRECT_OBJC_ISA_USAGE = YES_ERROR;
				CLANG_WARN_DOCUMENTATION_COMMENTS = YES;
				CLANG_WARN_EMPTY_BODY = YES;
				CLANG_WARN_ENUM_CONVERSION = YES;
				CLANG_WARN_INFINITE_RECURSION = YES;
				CLANG_WARN_INT_CONVERSION = YES;
				CLANG_WARN_OBJC_ROOT_CLASS = YES_ERROR;
				CLANG_WARN_SUSPICIOUS_MOVE = YES;
				CLANG_WARN_UNREACHABLE_CODE = YES;
				CLANG_WARN__DUPLICATE_METHOD_MATCH = YES;
				"CODE_SIGN_IDENTITY[sdk=iphoneos*]" = "iPhone Developer";
				COPY_PHASE_STRIP = NO;
				DEBUG_INFORMATION_FORMAT = "dwarf-with-dsym";
				ENABLE_NS_ASSERTIONS = NO;
				ENABLE_STRICT_OBJC_MSGSEND = YES;
				GCC_C_LANGUAGE_STANDARD = gnu99;
				GCC_NO_COMMON_BLOCKS = YES;
				GCC_WARN_64_TO_32_BIT_CONVERSION = YES;
				GCC_WARN_ABOUT_RETURN_TYPE = YES_ERROR;
				GCC_WARN_UNDECLARED_SELECTOR = YES;
				GCC_WARN_UNINITIALIZED_AUTOS = YES_AGGRESSIVE;
				GCC_WARN_UNUSED_FUNCTION = YES;
				GCC_WARN_UNUSED_VARIABLE = YES;
				IPHONEOS_DEPLOYMENT_TARGET = 10.2;
				MTL_ENABLE_DEBUG_INFO = NO;
				SDKROOT = iphoneos;
				SWIFT_OPTIMIZATION_LEVEL = "-Owholemodule";
				VALIDATE_PRODUCT = YES;
			};
			name = Release;
		};
		C1AA8EC11E241D530000A9DB /* Debug */ = {
			isa = XCBuildConfiguration;
			baseConfigurationReference = 7C16E3240A0D021851C11BE3 /* Pods-EMDb.debug.xcconfig */;
			buildSettings = {
				ASSETCATALOG_COMPILER_APPICON_NAME = AppIcon;
				DEVELOPMENT_TEAM = 9T98R8E6Y6;
				INFOPLIST_FILE = EMDb/Info.plist;
				LD_RUNPATH_SEARCH_PATHS = "$(inherited) @executable_path/Frameworks";
				PRODUCT_BUNDLE_IDENTIFIER = com.benjagarrido.EMDb;
				PRODUCT_NAME = "$(TARGET_NAME)";
				SWIFT_VERSION = 3.0;
			};
			name = Debug;
		};
		C1AA8EC21E241D530000A9DB /* Release */ = {
			isa = XCBuildConfiguration;
			baseConfigurationReference = 62D5787379A2BDA208988FEF /* Pods-EMDb.release.xcconfig */;
			buildSettings = {
				ASSETCATALOG_COMPILER_APPICON_NAME = AppIcon;
				DEVELOPMENT_TEAM = 9T98R8E6Y6;
				INFOPLIST_FILE = EMDb/Info.plist;
				LD_RUNPATH_SEARCH_PATHS = "$(inherited) @executable_path/Frameworks";
				PRODUCT_BUNDLE_IDENTIFIER = com.benjagarrido.EMDb;
				PRODUCT_NAME = "$(TARGET_NAME)";
				SWIFT_VERSION = 3.0;
			};
			name = Release;
		};
/* End XCBuildConfiguration section */

/* Begin XCConfigurationList section */
		C1AA8EA91E241D530000A9DB /* Build configuration list for PBXProject "EMDb" */ = {
			isa = XCConfigurationList;
			buildConfigurations = (
				C1AA8EBE1E241D530000A9DB /* Debug */,
				C1AA8EBF1E241D530000A9DB /* Release */,
			);
			defaultConfigurationIsVisible = 0;
			defaultConfigurationName = Release;
		};
		C1AA8EC01E241D530000A9DB /* Build configuration list for PBXNativeTarget "EMDb" */ = {
			isa = XCConfigurationList;
			buildConfigurations = (
				C1AA8EC11E241D530000A9DB /* Debug */,
				C1AA8EC21E241D530000A9DB /* Release */,
			);
			defaultConfigurationIsVisible = 0;
			defaultConfigurationName = Release;
		};
/* End XCConfigurationList section */

/* Begin XCVersionGroup section */
		C175D6821E24290E0037A357 /* EMdB.xcdatamodeld */ = {
			isa = XCVersionGroup;
			children = (
				C175D6831E24290E0037A357 /* EMdB.xcdatamodel */,
			);
			currentVersion = C175D6831E24290E0037A357 /* EMdB.xcdatamodel */;
			path = EMdB.xcdatamodeld;
			sourceTree = "<group>";
			versionGroupType = wrapper.xcdatamodel;
		};
/* End XCVersionGroup section */
	};
	rootObject = C1AA8EA61E241D530000A9DB /* Project object */;
}
